
Microsoft Visual Studio Solution File, Format Version 12.00
# Visual Studio Version 17
VisualStudioVersion = 17.7.34202.233
MinimumVisualStudioVersion = 10.0.40219.1
Project("{FAE04EC0-301F-11D3-BF4B-00C04F79EFBC}") = "WebApplication1", "WebApplication1\WebApplication1.csproj", "{B433616D-DAD8-4B2E-9C4F-39DC737BDC8A}"
EndProject
Global
	GlobalSection(SolutionConfigurationPlatforms) = preSolution
		Debug|Any CPU = Debug|Any CPU
		Release|Any CPU = Release|Any CPU
	EndGlobalSection
	GlobalSection(ProjectConfigurationPlatforms) = postSolution
		{B433616D-DAD8-4B2E-9C4F-39DC737BDC8A}.Debug|Any CPU.ActiveCfg = Debug|Any CPU
		{B433616D-DAD8-4B2E-9C4F-39DC737BDC8A}.Debug|Any CPU.Build.0 = Debug|Any CPU
		{B433616D-DAD8-4B2E-9C4F-39DC737BDC8A}.Release|Any CPU.ActiveCfg = Release|Any CPU
		{B433616D-DAD8-4B2E-9C4F-39DC737BDC8A}.Release|Any CPU.Build.0 = Release|Any CPU
	EndGlobalSection
	GlobalSection(SolutionProperties) = preSolution
		HideSolutionNode = FALSE
	EndGlobalSection
	GlobalSection(ExtensibilityGlobals) = postSolution
		SolutionGuid = {5D80D4A6-980C-4A1F-A89D-857DC995DF41}
	EndGlobalSection
EndGlobal
